{
  "meteor": {},
  "dependencies": {
    "basePackages": {
      "pages": {
        "git": "https://github.com/alethes/meteor-pages.git",
        "branch": "master"
      }
    },
    "packages": {
      "pages": {
        "git": "https://github.com/alethes/meteor-pages.git",
        "branch": "master",
        "commit": "de1af4740f4d1fa6aa854a0aa36c877fbfd54160"
      }
    }
  }
}
